# @generated by Move, please check-in and do not edit manually.

[move]
version = 3
manifest_digest = "434D31DFB9619E54941C351D5455B7529CD2FC0486E3F074395C71F1354CE34A"
deps_digest = "F8BBB0CCB2491CA29A3DF03D6F92277A4F3574266507ACD77214D37ECA3F3082"
dependencies = [
  { id = "Sui", name = "Sui" },
]

[[move.package]]
id = "MoveStdlib"
source = { git = "https://github.com/MystenLabs/sui.git", rev = "framework/testnet", subdir = "crates/sui-framework/packages/move-stdlib" }

[[move.package]]
id = "Sui"
source = { git = "https://github.com/MystenLabs/sui.git", rev = "framework/testnet", subdir = "crates/sui-framework/packages/sui-framework" }

dependencies = [
  { id = "MoveStdlib", name = "MoveStdlib" },
]

[move.toolchain-version]
compiler-version = "1.61.1"
edition = "2024.beta"
flavor = "sui"

[env]

[env.testnet]
chain-id = "4c78adac"
original-published-id = "0xbefe3b446989ccbf743e319701aabcca7cc2063691ac4658f13cede746258061"
latest-published-id = "0xbefe3b446989ccbf743e319701aabcca7cc2063691ac4658f13cede746258061"
published-version = "1"
